{
  "object": {
    "pins": [
      {
        "package": "RNGExtension",
        "repositoryURL": "https://github.com/t-ae/rng-extension.git",
        "state": {
          "branch": null,
          "revision": "9742cbd89792395f86cb622712c091f43e6c79a1",
          "version": "1.1.0-alpha.2"
        }
      }
    ]
  },
  "version": 1
}
