{
  "object": {
    "pins": [
      {
        "package": "RNGExtension",
        "repositoryURL": "https://github.com/t-ae/rng-extension.git",
        "state": {
          "branch": null,
          "revision": "3c1afc3762ecff7b1954764da470487aa1a682c4",
          "version": "1.1.0-alpha.4"
        }
      }
    ]
  },
  "version": 1
}
